
Microsoft Visual Studio Solution File, Format Version 12.00
# Visual Studio 15
VisualStudioVersion = 15.0.27130.2036
MinimumVisualStudioVersion = 10.0.40219.1
Project("{2150E333-8FDC-42A3-9474-1A3956D46DE8}") = "LineageSoft.Magic", "LineageSoft.Magic", "{FA91CD4C-F7CA-4192-B627-ACC023DC70B3}"
EndProject
Project("{FAE04EC0-301F-11D3-BF4B-00C04F79EFBC}") = "LineageSoft.Magic.Logic", "LineageSoft.Magic\LineageSoft.Magic.Logic\LineageSoft.Magic.Logic.csproj", "{2C270700-8C61-4CAF-AECB-E7EC5FACEBDA}"
EndProject
Project("{FAE04EC0-301F-11D3-BF4B-00C04F79EFBC}") = "LineageSoft.Magic.Titan", "LineageSoft.Magic\LineageSoft.Magic.Titan\LineageSoft.Magic.Titan.csproj", "{43215ECC-9F60-49FF-81C3-CD801DE09CF3}"
EndProject
Project("{2150E333-8FDC-42A3-9474-1A3956D46DE8}") = "LineageSoft.Magic.Services", "LineageSoft.Magic.Services", "{C8EB6250-54E2-4979-8733-E08F89AD6A43}"
EndProject
Project("{FAE04EC0-301F-11D3-BF4B-00C04F79EFBC}") = "LineageSoft.Magic.Tools.Patcher", "LineageSoft.Magic\LineageSoft.Magic.Tools\LineageSoft.Magic.Tools.Patcher\LineageSoft.Magic.Tools.Patcher.csproj", "{1DF27A9E-2324-4EE7-9211-3F85F61E1A55}"
EndProject
Project("{FAE04EC0-301F-11D3-BF4B-00C04F79EFBC}") = "LineageSoft.Magic.Tools.Downloader", "LineageSoft.Magic\LineageSoft.Magic.Tools\LineageSoft.Magic.Tools.Downloader\LineageSoft.Magic.Tools.Downloader.csproj", "{E2101C54-1CED-4DF7-9312-BB2D16273875}"
EndProject
Project("{2150E333-8FDC-42A3-9474-1A3956D46DE8}") = "LineageSoft.Magic.Tools", "LineageSoft.Magic.Tools", "{B3E8571A-CDD2-4EE9-A21E-435C0418EE11}"
EndProject
Project("{FAE04EC0-301F-11D3-BF4B-00C04F79EFBC}") = "LineageSoft.Magic.Dos", "LineageSoft.Magic\LineageSoft.Magic.Dos\LineageSoft.Magic.Dos.csproj", "{3CCBCB24-CADC-4735-A421-D13248553E4E}"
EndProject
Project("{FAE04EC0-301F-11D3-BF4B-00C04F79EFBC}") = "LineageSoft.Magic.Tools.Csv", "LineageSoft.Magic\LineageSoft.Magic.Tools\LineageSoft.Magic.Tools.Csv\LineageSoft.Magic.Tools.Csv.csproj", "{012DCD06-F0F0-4FCD-8BA5-FAC0E7123453}"
EndProject
Project("{FAE04EC0-301F-11D3-BF4B-00C04F79EFBC}") = "LineageSoft.Magic.Services.Core", "LineageSoft.Magic\LineageSoft.Magic.Services\LineageSoft.Magic.Services.Core\LineageSoft.Magic.Services.Core.csproj", "{B65255B6-7AAB-4260-BDEF-523B7E7EADF0}"
EndProject
Project("{FAE04EC0-301F-11D3-BF4B-00C04F79EFBC}") = "LineageSoft.Magic.Services.Proxy", "LineageSoft.Magic\LineageSoft.Magic.Services\LineageSoft.Magic.Services.Proxy\LineageSoft.Magic.Services.Proxy.csproj", "{DCDC7851-FA74-4D50-AD8E-8B851AAECB86}"
EndProject
Project("{FAE04EC0-301F-11D3-BF4B-00C04F79EFBC}") = "LineageSoft.Magic.Services.Account", "LineageSoft.Magic\LineageSoft.Magic.Services\LineageSoft.Magic.Services.Account\LineageSoft.Magic.Services.Account.csproj", "{7F345FD7-F589-4D42-94AE-2AAF7975C485}"
EndProject
Project("{FAE04EC0-301F-11D3-BF4B-00C04F79EFBC}") = "LineageSoft.Magic.Services.Party", "LineageSoft.Magic\LineageSoft.Magic.Services\LineageSoft.Magic.Services.Party\LineageSoft.Magic.Services.Party.csproj", "{070273BF-CC4C-498B-85AB-E693DD2D30DE}"
EndProject
Project("{FAE04EC0-301F-11D3-BF4B-00C04F79EFBC}") = "LineageSoft.Magic.Services.Zone", "LineageSoft.Magic\LineageSoft.Magic.Services\LineageSoft.Magic.Services.Zone\LineageSoft.Magic.Services.Zone.csproj", "{887C2EA1-F963-4C0B-AC8F-0FF986185BCA}"
EndProject
Project("{FAE04EC0-301F-11D3-BF4B-00C04F79EFBC}") = "LineageSoft.Magic.Services.Console", "LineageSoft.Magic\LineageSoft.Magic.Services\LineageSoft.Magic.Services.Console\LineageSoft.Magic.Services.Console.csproj", "{327E0FEE-D4CA-496C-9967-7E925DEC138D}"
EndProject
Project("{FAE04EC0-301F-11D3-BF4B-00C04F79EFBC}") = "LineageSoft.Magic.Services.Avatar", "LineageSoft.Magic\LineageSoft.Magic.Services\LineageSoft.Magic.Services.Avatar\LineageSoft.Magic.Services.Avatar.csproj", "{A2B90C57-4230-4878-A545-D63623A22E05}"
EndProject
Project("{FAE04EC0-301F-11D3-BF4B-00C04F79EFBC}") = "LineageSoft.Magic.Services.Chat", "LineageSoft.Magic\LineageSoft.Magic.Services\LineageSoft.Magic.Services.Chat\LineageSoft.Magic.Services.Chat.csproj", "{BD1569C6-D1CD-42D0-85BD-DF3ACB2637F9}"
EndProject
Global
	GlobalSection(SolutionConfigurationPlatforms) = preSolution
		Debug|Any CPU = Debug|Any CPU
		Debug|x64 = Debug|x64
		Release|Any CPU = Release|Any CPU
		Release|x64 = Release|x64
	EndGlobalSection
	GlobalSection(ProjectConfigurationPlatforms) = postSolution
		{2C270700-8C61-4CAF-AECB-E7EC5FACEBDA}.Debug|Any CPU.ActiveCfg = Debug|Any CPU
		{2C270700-8C61-4CAF-AECB-E7EC5FACEBDA}.Debug|Any CPU.Build.0 = Debug|Any CPU
		{2C270700-8C61-4CAF-AECB-E7EC5FACEBDA}.Debug|x64.ActiveCfg = Debug|x64
		{2C270700-8C61-4CAF-AECB-E7EC5FACEBDA}.Debug|x64.Build.0 = Debug|x64
		{2C270700-8C61-4CAF-AECB-E7EC5FACEBDA}.Release|Any CPU.ActiveCfg = Release|Any CPU
		{2C270700-8C61-4CAF-AECB-E7EC5FACEBDA}.Release|Any CPU.Build.0 = Release|Any CPU
		{2C270700-8C61-4CAF-AECB-E7EC5FACEBDA}.Release|x64.ActiveCfg = Release|x64
		{2C270700-8C61-4CAF-AECB-E7EC5FACEBDA}.Release|x64.Build.0 = Release|x64
		{43215ECC-9F60-49FF-81C3-CD801DE09CF3}.Debug|Any CPU.ActiveCfg = Debug|Any CPU
		{43215ECC-9F60-49FF-81C3-CD801DE09CF3}.Debug|Any CPU.Build.0 = Debug|Any CPU
		{43215ECC-9F60-49FF-81C3-CD801DE09CF3}.Debug|x64.ActiveCfg = Debug|x64
		{43215ECC-9F60-49FF-81C3-CD801DE09CF3}.Debug|x64.Build.0 = Debug|x64
		{43215ECC-9F60-49FF-81C3-CD801DE09CF3}.Release|Any CPU.ActiveCfg = Release|Any CPU
		{43215ECC-9F60-49FF-81C3-CD801DE09CF3}.Release|Any CPU.Build.0 = Release|Any CPU
		{43215ECC-9F60-49FF-81C3-CD801DE09CF3}.Release|x64.ActiveCfg = Release|x64
		{43215ECC-9F60-49FF-81C3-CD801DE09CF3}.Release|x64.Build.0 = Release|x64
		{1DF27A9E-2324-4EE7-9211-3F85F61E1A55}.Debug|Any CPU.ActiveCfg = Debug|Any CPU
		{1DF27A9E-2324-4EE7-9211-3F85F61E1A55}.Debug|Any CPU.Build.0 = Debug|Any CPU
		{1DF27A9E-2324-4EE7-9211-3F85F61E1A55}.Debug|x64.ActiveCfg = Debug|Any CPU
		{1DF27A9E-2324-4EE7-9211-3F85F61E1A55}.Debug|x64.Build.0 = Debug|Any CPU
		{1DF27A9E-2324-4EE7-9211-3F85F61E1A55}.Release|Any CPU.ActiveCfg = Release|Any CPU
		{1DF27A9E-2324-4EE7-9211-3F85F61E1A55}.Release|Any CPU.Build.0 = Release|Any CPU
		{1DF27A9E-2324-4EE7-9211-3F85F61E1A55}.Release|x64.ActiveCfg = Release|Any CPU
		{1DF27A9E-2324-4EE7-9211-3F85F61E1A55}.Release|x64.Build.0 = Release|Any CPU
		{E2101C54-1CED-4DF7-9312-BB2D16273875}.Debug|Any CPU.ActiveCfg = Debug|Any CPU
		{E2101C54-1CED-4DF7-9312-BB2D16273875}.Debug|Any CPU.Build.0 = Debug|Any CPU
		{E2101C54-1CED-4DF7-9312-BB2D16273875}.Debug|x64.ActiveCfg = Debug|Any CPU
		{E2101C54-1CED-4DF7-9312-BB2D16273875}.Debug|x64.Build.0 = Debug|Any CPU
		{E2101C54-1CED-4DF7-9312-BB2D16273875}.Release|Any CPU.ActiveCfg = Release|Any CPU
		{E2101C54-1CED-4DF7-9312-BB2D16273875}.Release|Any CPU.Build.0 = Release|Any CPU
		{E2101C54-1CED-4DF7-9312-BB2D16273875}.Release|x64.ActiveCfg = Release|Any CPU
		{E2101C54-1CED-4DF7-9312-BB2D16273875}.Release|x64.Build.0 = Release|Any CPU
		{3CCBCB24-CADC-4735-A421-D13248553E4E}.Debug|Any CPU.ActiveCfg = Debug|Any CPU
		{3CCBCB24-CADC-4735-A421-D13248553E4E}.Debug|Any CPU.Build.0 = Debug|Any CPU
		{3CCBCB24-CADC-4735-A421-D13248553E4E}.Debug|x64.ActiveCfg = Debug|Any CPU
		{3CCBCB24-CADC-4735-A421-D13248553E4E}.Debug|x64.Build.0 = Debug|Any CPU
		{3CCBCB24-CADC-4735-A421-D13248553E4E}.Release|Any CPU.ActiveCfg = Release|Any CPU
		{3CCBCB24-CADC-4735-A421-D13248553E4E}.Release|Any CPU.Build.0 = Release|Any CPU
		{3CCBCB24-CADC-4735-A421-D13248553E4E}.Release|x64.ActiveCfg = Release|Any CPU
		{3CCBCB24-CADC-4735-A421-D13248553E4E}.Release|x64.Build.0 = Release|Any CPU
		{012DCD06-F0F0-4FCD-8BA5-FAC0E7123453}.Debug|Any CPU.ActiveCfg = Debug|Any CPU
		{012DCD06-F0F0-4FCD-8BA5-FAC0E7123453}.Debug|Any CPU.Build.0 = Debug|Any CPU
		{012DCD06-F0F0-4FCD-8BA5-FAC0E7123453}.Debug|x64.ActiveCfg = Debug|Any CPU
		{012DCD06-F0F0-4FCD-8BA5-FAC0E7123453}.Debug|x64.Build.0 = Debug|Any CPU
		{012DCD06-F0F0-4FCD-8BA5-FAC0E7123453}.Release|Any CPU.ActiveCfg = Release|Any CPU
		{012DCD06-F0F0-4FCD-8BA5-FAC0E7123453}.Release|Any CPU.Build.0 = Release|Any CPU
		{012DCD06-F0F0-4FCD-8BA5-FAC0E7123453}.Release|x64.ActiveCfg = Release|Any CPU
		{012DCD06-F0F0-4FCD-8BA5-FAC0E7123453}.Release|x64.Build.0 = Release|Any CPU
		{B65255B6-7AAB-4260-BDEF-523B7E7EADF0}.Debug|Any CPU.ActiveCfg = Debug|Any CPU
		{B65255B6-7AAB-4260-BDEF-523B7E7EADF0}.Debug|Any CPU.Build.0 = Debug|Any CPU
		{B65255B6-7AAB-4260-BDEF-523B7E7EADF0}.Debug|x64.ActiveCfg = Debug|Any CPU
		{B65255B6-7AAB-4260-BDEF-523B7E7EADF0}.Debug|x64.Build.0 = Debug|Any CPU
		{B65255B6-7AAB-4260-BDEF-523B7E7EADF0}.Release|Any CPU.ActiveCfg = Release|Any CPU
		{B65255B6-7AAB-4260-BDEF-523B7E7EADF0}.Release|Any CPU.Build.0 = Release|Any CPU
		{B65255B6-7AAB-4260-BDEF-523B7E7EADF0}.Release|x64.ActiveCfg = Release|Any CPU
		{B65255B6-7AAB-4260-BDEF-523B7E7EADF0}.Release|x64.Build.0 = Release|Any CPU
		{DCDC7851-FA74-4D50-AD8E-8B851AAECB86}.Debug|Any CPU.ActiveCfg = Debug|Any CPU
		{DCDC7851-FA74-4D50-AD8E-8B851AAECB86}.Debug|Any CPU.Build.0 = Debug|Any CPU
		{DCDC7851-FA74-4D50-AD8E-8B851AAECB86}.Debug|x64.ActiveCfg = Debug|Any CPU
		{DCDC7851-FA74-4D50-AD8E-8B851AAECB86}.Debug|x64.Build.0 = Debug|Any CPU
		{DCDC7851-FA74-4D50-AD8E-8B851AAECB86}.Release|Any CPU.ActiveCfg = Release|Any CPU
		{DCDC7851-FA74-4D50-AD8E-8B851AAECB86}.Release|Any CPU.Build.0 = Release|Any CPU
		{DCDC7851-FA74-4D50-AD8E-8B851AAECB86}.Release|x64.ActiveCfg = Release|Any CPU
		{DCDC7851-FA74-4D50-AD8E-8B851AAECB86}.Release|x64.Build.0 = Release|Any CPU
		{7F345FD7-F589-4D42-94AE-2AAF7975C485}.Debug|Any CPU.ActiveCfg = Debug|Any CPU
		{7F345FD7-F589-4D42-94AE-2AAF7975C485}.Debug|Any CPU.Build.0 = Debug|Any CPU
		{7F345FD7-F589-4D42-94AE-2AAF7975C485}.Debug|x64.ActiveCfg = Debug|Any CPU
		{7F345FD7-F589-4D42-94AE-2AAF7975C485}.Debug|x64.Build.0 = Debug|Any CPU
		{7F345FD7-F589-4D42-94AE-2AAF7975C485}.Release|Any CPU.ActiveCfg = Release|Any CPU
		{7F345FD7-F589-4D42-94AE-2AAF7975C485}.Release|Any CPU.Build.0 = Release|Any CPU
		{7F345FD7-F589-4D42-94AE-2AAF7975C485}.Release|x64.ActiveCfg = Release|Any CPU
		{7F345FD7-F589-4D42-94AE-2AAF7975C485}.Release|x64.Build.0 = Release|Any CPU
		{070273BF-CC4C-498B-85AB-E693DD2D30DE}.Debug|Any CPU.ActiveCfg = Debug|Any CPU
		{070273BF-CC4C-498B-85AB-E693DD2D30DE}.Debug|Any CPU.Build.0 = Debug|Any CPU
		{070273BF-CC4C-498B-85AB-E693DD2D30DE}.Debug|x64.ActiveCfg = Debug|Any CPU
		{070273BF-CC4C-498B-85AB-E693DD2D30DE}.Debug|x64.Build.0 = Debug|Any CPU
		{070273BF-CC4C-498B-85AB-E693DD2D30DE}.Release|Any CPU.ActiveCfg = Release|Any CPU
		{070273BF-CC4C-498B-85AB-E693DD2D30DE}.Release|Any CPU.Build.0 = Release|Any CPU
		{070273BF-CC4C-498B-85AB-E693DD2D30DE}.Release|x64.ActiveCfg = Release|Any CPU
		{070273BF-CC4C-498B-85AB-E693DD2D30DE}.Release|x64.Build.0 = Release|Any CPU
		{887C2EA1-F963-4C0B-AC8F-0FF986185BCA}.Debug|Any CPU.ActiveCfg = Debug|Any CPU
		{887C2EA1-F963-4C0B-AC8F-0FF986185BCA}.Debug|Any CPU.Build.0 = Debug|Any CPU
		{887C2EA1-F963-4C0B-AC8F-0FF986185BCA}.Debug|x64.ActiveCfg = Debug|Any CPU
		{887C2EA1-F963-4C0B-AC8F-0FF986185BCA}.Debug|x64.Build.0 = Debug|Any CPU
		{887C2EA1-F963-4C0B-AC8F-0FF986185BCA}.Release|Any CPU.ActiveCfg = Release|Any CPU
		{887C2EA1-F963-4C0B-AC8F-0FF986185BCA}.Release|Any CPU.Build.0 = Release|Any CPU
		{887C2EA1-F963-4C0B-AC8F-0FF986185BCA}.Release|x64.ActiveCfg = Release|Any CPU
		{887C2EA1-F963-4C0B-AC8F-0FF986185BCA}.Release|x64.Build.0 = Release|Any CPU
		{327E0FEE-D4CA-496C-9967-7E925DEC138D}.Debug|Any CPU.ActiveCfg = Debug|Any CPU
		{327E0FEE-D4CA-496C-9967-7E925DEC138D}.Debug|Any CPU.Build.0 = Debug|Any CPU
		{327E0FEE-D4CA-496C-9967-7E925DEC138D}.Debug|x64.ActiveCfg = Debug|Any CPU
		{327E0FEE-D4CA-496C-9967-7E925DEC138D}.Debug|x64.Build.0 = Debug|Any CPU
		{327E0FEE-D4CA-496C-9967-7E925DEC138D}.Release|Any CPU.ActiveCfg = Release|Any CPU
		{327E0FEE-D4CA-496C-9967-7E925DEC138D}.Release|Any CPU.Build.0 = Release|Any CPU
		{327E0FEE-D4CA-496C-9967-7E925DEC138D}.Release|x64.ActiveCfg = Release|Any CPU
		{327E0FEE-D4CA-496C-9967-7E925DEC138D}.Release|x64.Build.0 = Release|Any CPU
		{A2B90C57-4230-4878-A545-D63623A22E05}.Debug|Any CPU.ActiveCfg = Debug|Any CPU
		{A2B90C57-4230-4878-A545-D63623A22E05}.Debug|Any CPU.Build.0 = Debug|Any CPU
		{A2B90C57-4230-4878-A545-D63623A22E05}.Debug|x64.ActiveCfg = Debug|Any CPU
		{A2B90C57-4230-4878-A545-D63623A22E05}.Debug|x64.Build.0 = Debug|Any CPU
		{A2B90C57-4230-4878-A545-D63623A22E05}.Release|Any CPU.ActiveCfg = Release|Any CPU
		{A2B90C57-4230-4878-A545-D63623A22E05}.Release|Any CPU.Build.0 = Release|Any CPU
		{A2B90C57-4230-4878-A545-D63623A22E05}.Release|x64.ActiveCfg = Release|Any CPU
		{A2B90C57-4230-4878-A545-D63623A22E05}.Release|x64.Build.0 = Release|Any CPU
		{BD1569C6-D1CD-42D0-85BD-DF3ACB2637F9}.Debug|Any CPU.ActiveCfg = Debug|Any CPU
		{BD1569C6-D1CD-42D0-85BD-DF3ACB2637F9}.Debug|Any CPU.Build.0 = Debug|Any CPU
		{BD1569C6-D1CD-42D0-85BD-DF3ACB2637F9}.Debug|x64.ActiveCfg = Debug|Any CPU
		{BD1569C6-D1CD-42D0-85BD-DF3ACB2637F9}.Debug|x64.Build.0 = Debug|Any CPU
		{BD1569C6-D1CD-42D0-85BD-DF3ACB2637F9}.Release|Any CPU.ActiveCfg = Release|Any CPU
		{BD1569C6-D1CD-42D0-85BD-DF3ACB2637F9}.Release|Any CPU.Build.0 = Release|Any CPU
		{BD1569C6-D1CD-42D0-85BD-DF3ACB2637F9}.Release|x64.ActiveCfg = Release|Any CPU
		{BD1569C6-D1CD-42D0-85BD-DF3ACB2637F9}.Release|x64.Build.0 = Release|Any CPU
	EndGlobalSection
	GlobalSection(SolutionProperties) = preSolution
		HideSolutionNode = FALSE
	EndGlobalSection
	GlobalSection(NestedProjects) = preSolution
		{2C270700-8C61-4CAF-AECB-E7EC5FACEBDA} = {FA91CD4C-F7CA-4192-B627-ACC023DC70B3}
		{43215ECC-9F60-49FF-81C3-CD801DE09CF3} = {FA91CD4C-F7CA-4192-B627-ACC023DC70B3}
		{C8EB6250-54E2-4979-8733-E08F89AD6A43} = {FA91CD4C-F7CA-4192-B627-ACC023DC70B3}
		{1DF27A9E-2324-4EE7-9211-3F85F61E1A55} = {B3E8571A-CDD2-4EE9-A21E-435C0418EE11}
		{E2101C54-1CED-4DF7-9312-BB2D16273875} = {B3E8571A-CDD2-4EE9-A21E-435C0418EE11}
		{B3E8571A-CDD2-4EE9-A21E-435C0418EE11} = {FA91CD4C-F7CA-4192-B627-ACC023DC70B3}
		{3CCBCB24-CADC-4735-A421-D13248553E4E} = {FA91CD4C-F7CA-4192-B627-ACC023DC70B3}
		{012DCD06-F0F0-4FCD-8BA5-FAC0E7123453} = {B3E8571A-CDD2-4EE9-A21E-435C0418EE11}
		{B65255B6-7AAB-4260-BDEF-523B7E7EADF0} = {C8EB6250-54E2-4979-8733-E08F89AD6A43}
		{DCDC7851-FA74-4D50-AD8E-8B851AAECB86} = {C8EB6250-54E2-4979-8733-E08F89AD6A43}
		{7F345FD7-F589-4D42-94AE-2AAF7975C485} = {C8EB6250-54E2-4979-8733-E08F89AD6A43}
		{070273BF-CC4C-498B-85AB-E693DD2D30DE} = {C8EB6250-54E2-4979-8733-E08F89AD6A43}
		{887C2EA1-F963-4C0B-AC8F-0FF986185BCA} = {C8EB6250-54E2-4979-8733-E08F89AD6A43}
		{327E0FEE-D4CA-496C-9967-7E925DEC138D} = {C8EB6250-54E2-4979-8733-E08F89AD6A43}
		{A2B90C57-4230-4878-A545-D63623A22E05} = {C8EB6250-54E2-4979-8733-E08F89AD6A43}
		{BD1569C6-D1CD-42D0-85BD-DF3ACB2637F9} = {C8EB6250-54E2-4979-8733-E08F89AD6A43}
	EndGlobalSection
	GlobalSection(ExtensibilityGlobals) = postSolution
		SolutionGuid = {C9AC9358-C999-40A2-8BE8-E0A1C68DF50A}
	EndGlobalSection
	GlobalSection(Performance) = preSolution
		HasPerformanceSessions = true
	EndGlobalSection
EndGlobal
